
Microsoft Visual Studio Solution File, Format Version 12.00
# Visual Studio Version 16
VisualStudioVersion = 16.0.31129.286
MinimumVisualStudioVersion = 10.0.40219.1
Project("{9A19103F-16F7-4668-BE54-9A1E7A4F7556}") = "MV", "MV\MV.csproj", "{3FA596C9-8C3B-4697-8CB3-36F4D6F48A91}"
EndProject
Project("{9A19103F-16F7-4668-BE54-9A1E7A4F7556}") = "WindDataProcessing", "WindDataProcessing\WindDataProcessing.csproj", "{A5E01D0C-AC53-4C75-A18A-CC332E212248}"
EndProject
Project("{9A19103F-16F7-4668-BE54-9A1E7A4F7556}") = "GAMESA_01", "GAMESA_01\GAMESA_01.csproj", "{22C966FA-2919-4D7B-822D-627D05256295}"
EndProject
Project("{9A19103F-16F7-4668-BE54-9A1E7A4F7556}") = "ChinaVerification_01", "ChinaVerification_01\ChinaVerification_01.csproj", "{AA00A3D0-3770-4063-8881-0E20C9C0C668}"
EndProject
Project("{FAE04EC0-301F-11D3-BF4B-00C04F79EFBC}") = "NanjingWP_01", "NanjingWP_01\NanjingWP_01.csproj", "{F4F21071-C502-4F86-8BFE-29331EC87AED}"
EndProject
Global
	GlobalSection(SolutionConfigurationPlatforms) = preSolution
		Debug|Any CPU = Debug|Any CPU
		Release|Any CPU = Release|Any CPU
	EndGlobalSection
	GlobalSection(ProjectConfigurationPlatforms) = postSolution
		{3FA596C9-8C3B-4697-8CB3-36F4D6F48A91}.Debug|Any CPU.ActiveCfg = Debug|Any CPU
		{3FA596C9-8C3B-4697-8CB3-36F4D6F48A91}.Debug|Any CPU.Build.0 = Debug|Any CPU
		{3FA596C9-8C3B-4697-8CB3-36F4D6F48A91}.Release|Any CPU.ActiveCfg = Release|Any CPU
		{3FA596C9-8C3B-4697-8CB3-36F4D6F48A91}.Release|Any CPU.Build.0 = Release|Any CPU
		{A5E01D0C-AC53-4C75-A18A-CC332E212248}.Debug|Any CPU.ActiveCfg = Debug|Any CPU
		{A5E01D0C-AC53-4C75-A18A-CC332E212248}.Debug|Any CPU.Build.0 = Debug|Any CPU
		{A5E01D0C-AC53-4C75-A18A-CC332E212248}.Release|Any CPU.ActiveCfg = Release|Any CPU
		{A5E01D0C-AC53-4C75-A18A-CC332E212248}.Release|Any CPU.Build.0 = Release|Any CPU
		{22C966FA-2919-4D7B-822D-627D05256295}.Debug|Any CPU.ActiveCfg = Debug|Any CPU
		{22C966FA-2919-4D7B-822D-627D05256295}.Debug|Any CPU.Build.0 = Debug|Any CPU
		{22C966FA-2919-4D7B-822D-627D05256295}.Release|Any CPU.ActiveCfg = Release|Any CPU
		{22C966FA-2919-4D7B-822D-627D05256295}.Release|Any CPU.Build.0 = Release|Any CPU
		{AA00A3D0-3770-4063-8881-0E20C9C0C668}.Debug|Any CPU.ActiveCfg = Debug|Any CPU
		{AA00A3D0-3770-4063-8881-0E20C9C0C668}.Debug|Any CPU.Build.0 = Debug|Any CPU
		{AA00A3D0-3770-4063-8881-0E20C9C0C668}.Release|Any CPU.ActiveCfg = Release|Any CPU
		{AA00A3D0-3770-4063-8881-0E20C9C0C668}.Release|Any CPU.Build.0 = Release|Any CPU
		{F4F21071-C502-4F86-8BFE-29331EC87AED}.Debug|Any CPU.ActiveCfg = Debug|Any CPU
		{F4F21071-C502-4F86-8BFE-29331EC87AED}.Debug|Any CPU.Build.0 = Debug|Any CPU
		{F4F21071-C502-4F86-8BFE-29331EC87AED}.Release|Any CPU.ActiveCfg = Release|Any CPU
		{F4F21071-C502-4F86-8BFE-29331EC87AED}.Release|Any CPU.Build.0 = Release|Any CPU
	EndGlobalSection
	GlobalSection(SolutionProperties) = preSolution
		HideSolutionNode = FALSE
	EndGlobalSection
	GlobalSection(ExtensibilityGlobals) = postSolution
		SolutionGuid = {EFA49C3D-7781-494B-BA53-0CB017DBEA28}
	EndGlobalSection
EndGlobal
